
Microsoft Visual Studio Solution File, Format Version 12.00
# Visual Studio Version 17
VisualStudioVersion = 17.5.33516.290
MinimumVisualStudioVersion = 10.0.40219.1
Project("{9A19103F-16F7-4668-BE54-9A1E7A4F7556}") = "GpuSurvey", "GpuSurvey\GpuSurvey.csproj", "{87C78E3F-9E01-4F8B-A3A0-F78912128E06}"
EndProject
Global
	GlobalSection(SolutionConfigurationPlatforms) = preSolution
		Debug|Any CPU = Debug|Any CPU
		Release|Any CPU = Release|Any CPU
	EndGlobalSection
	GlobalSection(ProjectConfigurationPlatforms) = postSolution
		{87C78E3F-9E01-4F8B-A3A0-F78912128E06}.Debug|Any CPU.ActiveCfg = Debug|Any CPU
		{87C78E3F-9E01-4F8B-A3A0-F78912128E06}.Debug|Any CPU.Build.0 = Debug|Any CPU
		{87C78E3F-9E01-4F8B-A3A0-F78912128E06}.Release|Any CPU.ActiveCfg = Release|Any CPU
		{87C78E3F-9E01-4F8B-A3A0-F78912128E06}.Release|Any CPU.Build.0 = Release|Any CPU
	EndGlobalSection
	GlobalSection(SolutionProperties) = preSolution
		HideSolutionNode = FALSE
	EndGlobalSection
	GlobalSection(ExtensibilityGlobals) = postSolution
		SolutionGuid = {A9B1AE48-44F0-41E1-BB19-40C0248D2333}
	EndGlobalSection
EndGlobal
